lockfileVersion: 5.3

specifiers:
  kolorist: ^1.5.0
  prompts: ^2.4.1

dependencies:
  kolorist: 1.5.0
  prompts: 2.4.1

packages:

  /kleur/3.0.3:
    resolution: {integrity: sha512-eTIzlVOSUR+JxdDFepEYcBMtZ9Qqdef+rnzWdRZuMbOywu5tO2w2N7rqjoANZ5k9vywhL6Br1VRjUIgTQx4E8w==}
    engines: {node: '>=6'}
    dev: false

  /kolorist/1.5.0:
    resolution: {integrity: sha512-pPobydIHK884YBtkS/tWSZXpSAEpcMbilyun3KL37ot935qL2HNKm/tI45i/Rd+MxdIWEhm7/LmUQzWZYK+Qhg==}
    dev: false

  /prompts/2.4.1:
    resolution: {integrity: sha512-EQyfIuO2hPDsX1L/blblV+H7I0knhgAd82cVneCwcdND9B8AuCDuRcBH6yIcG4dFzlOUqbazQqwGjx5xmsNLuQ==}
    engines: {node: '>= 6'}
    dependencies:
      kleur: 3.0.3
      sisteransi: 1.0.5
    dev: false

  /sisteransi/1.0.5:
    resolution: {integrity: sha512-bLGGlR1QxBcynn2d5YmDX4MGjlZvy2MRBDRNHLJ8VI6l6+9FUiyTFNJ0IveOSP0bcXgVDPRcfGqA0pjaqUpfVg==}
    dev: false
